
Microsoft Visual Studio Solution File, Format Version 12.00
# Visual Studio Version 17
VisualStudioVersion = 17.13.35828.75
MinimumVisualStudioVersion = 10.0.40219.1
Project("{FAE04EC0-301F-11D3-BF4B-00C04F79EFBC}") = "BookReviewHub", "BookReviewHub\BookReviewHub.csproj", "{71570522-BCF9-40C0-9D82-1FEB79710823}"
EndProject
Project("{FAE04EC0-301F-11D3-BF4B-00C04F79EFBC}") = "BookReviewHub.Tests", "BookReviewHub.Tests\BookReviewHub.Tests.csproj", "{EBC77B3D-74AF-45DF-A142-36044B024916}"
EndProject
Global
	GlobalSection(SolutionConfigurationPlatforms) = preSolution
		Debug|Any CPU = Debug|Any CPU
		Release|Any CPU = Release|Any CPU
	EndGlobalSection
	GlobalSection(ProjectConfigurationPlatforms) = postSolution
		{71570522-BCF9-40C0-9D82-1FEB79710823}.Debug|Any CPU.ActiveCfg = Debug|Any CPU
		{71570522-BCF9-40C0-9D82-1FEB79710823}.Debug|Any CPU.Build.0 = Debug|Any CPU
		{71570522-BCF9-40C0-9D82-1FEB79710823}.Release|Any CPU.ActiveCfg = Release|Any CPU
		{71570522-BCF9-40C0-9D82-1FEB79710823}.Release|Any CPU.Build.0 = Release|Any CPU
		{EBC77B3D-74AF-45DF-A142-36044B024916}.Debug|Any CPU.ActiveCfg = Debug|Any CPU
		{EBC77B3D-74AF-45DF-A142-36044B024916}.Debug|Any CPU.Build.0 = Debug|Any CPU
		{EBC77B3D-74AF-45DF-A142-36044B024916}.Release|Any CPU.ActiveCfg = Release|Any CPU
		{EBC77B3D-74AF-45DF-A142-36044B024916}.Release|Any CPU.Build.0 = Release|Any CPU
	EndGlobalSection
	GlobalSection(SolutionProperties) = preSolution
		HideSolutionNode = FALSE
	EndGlobalSection
	GlobalSection(ExtensibilityGlobals) = postSolution
		SolutionGuid = {2A8F44D2-A798-4E7A-A7C1-C1CC53F84337}
	EndGlobalSection
EndGlobal
